
Microsoft Visual Studio Solution File, Format Version 12.00
# Visual Studio Version 17
VisualStudioVersion = 17.0.32014.148
MinimumVisualStudioVersion = 10.0.40219.1
Project("{FAE04EC0-301F-11D3-BF4B-00C04F79EFBC}") = "OddNumberChecker", "OddNumberChecker.csproj", "{C1A901D1-24F6-4EB4-8027-B0A0BE337B15}"
EndProject
Global
	GlobalSection(SolutionConfigurationPlatforms) = preSolution
		Debug|Any CPU = Debug|Any CPU
		Release|Any CPU = Release|Any CPU
	EndGlobalSection
	GlobalSection(ProjectConfigurationPlatforms) = postSolution
		{C1A901D1-24F6-4EB4-8027-B0A0BE337B15}.Debug|Any CPU.ActiveCfg = Debug|Any CPU
		{C1A901D1-24F6-4EB4-8027-B0A0BE337B15}.Debug|Any CPU.Build.0 = Debug|Any CPU
		{C1A901D1-24F6-4EB4-8027-B0A0BE337B15}.Release|Any CPU.ActiveCfg = Release|Any CPU
		{C1A901D1-24F6-4EB4-8027-B0A0BE337B15}.Release|Any CPU.Build.0 = Release|Any CPU
	EndGlobalSection
	GlobalSection(SolutionProperties) = preSolution
		HideSolutionNode = FALSE
	EndGlobalSection
	GlobalSection(ExtensibilityGlobals) = postSolution
		SolutionGuid = {835AA545-C16B-461B-AAFF-57F2B0BB082B}
	EndGlobalSection
EndGlobal
